
Microsoft Visual Studio Solution File, Format Version 12.00
# Visual Studio Version 17
VisualStudioVersion = 17.4.33205.214
MinimumVisualStudioVersion = 10.0.40219.1
Project("{2150E333-8FDC-42A3-9474-1A3956D46DE8}") = "1 - Presentation Tier", "1 - Presentation Tier", "{2AC5095F-B737-475E-AF7F-3C206AF6AC88}"
EndProject
Project("{2150E333-8FDC-42A3-9474-1A3956D46DE8}") = "2 - Business Tier", "2 - Business Tier", "{6297A786-18B3-47CE-9BF2-99EB759CDBAA}"
EndProject
Project("{2150E333-8FDC-42A3-9474-1A3956D46DE8}") = "3 - DataAccess Tier", "3 - DataAccess Tier", "{0F7460CF-6745-4043-8D01-1C393F1CDE8B}"
EndProject
Project("{FAE04EC0-301F-11D3-BF4B-00C04F79EFBC}") = "NttData.FileManagement.Presentation.WinSite", "NttDataFileManagement.Presentation.WinSite\NttData.FileManagement.Presentation.WinSite.csproj", "{A1BA6BD3-EA7E-483A-AB77-9CCC83570390}"
EndProject
Project("{FAE04EC0-301F-11D3-BF4B-00C04F79EFBC}") = "NttDataFileManagement.Business.Logic", "NttDataFileManagement.Business.Logic\NttDataFileManagement.Business.Logic.csproj", "{D83297A6-AB5F-478E-B41E-CD96B7ACC340}"
EndProject
Project("{2150E333-8FDC-42A3-9474-1A3956D46DE8}") = "4 - Common Tier", "4 - Common Tier", "{F4D1A5D7-D67D-4B4E-A239-0AF70CF96E5E}"
EndProject
Project("{FAE04EC0-301F-11D3-BF4B-00C04F79EFBC}") = "NttDataFileManagement.Common.Model", "NttDataFileManagement.Common.Model\NttDataFileManagement.Common.Model.csproj", "{ACBF198F-44C8-4BBA-AEA7-1C5666CF985C}"
EndProject
Project("{FAE04EC0-301F-11D3-BF4B-00C04F79EFBC}") = "NttDataFileManagament.DataAccess.Repository", "NttDataFileManagement.DataAccess.Repository\NttDataFileManagament.DataAccess.Repository.csproj", "{1CF303B7-0FFC-4E0E-8C24-AE3D13CB69B6}"
EndProject
Global
	GlobalSection(SolutionConfigurationPlatforms) = preSolution
		Debug|Any CPU = Debug|Any CPU
		Release|Any CPU = Release|Any CPU
	EndGlobalSection
	GlobalSection(ProjectConfigurationPlatforms) = postSolution
		{A1BA6BD3-EA7E-483A-AB77-9CCC83570390}.Debug|Any CPU.ActiveCfg = Debug|Any CPU
		{A1BA6BD3-EA7E-483A-AB77-9CCC83570390}.Debug|Any CPU.Build.0 = Debug|Any CPU
		{A1BA6BD3-EA7E-483A-AB77-9CCC83570390}.Release|Any CPU.ActiveCfg = Release|Any CPU
		{A1BA6BD3-EA7E-483A-AB77-9CCC83570390}.Release|Any CPU.Build.0 = Release|Any CPU
		{D83297A6-AB5F-478E-B41E-CD96B7ACC340}.Debug|Any CPU.ActiveCfg = Debug|Any CPU
		{D83297A6-AB5F-478E-B41E-CD96B7ACC340}.Debug|Any CPU.Build.0 = Debug|Any CPU
		{D83297A6-AB5F-478E-B41E-CD96B7ACC340}.Release|Any CPU.ActiveCfg = Release|Any CPU
		{D83297A6-AB5F-478E-B41E-CD96B7ACC340}.Release|Any CPU.Build.0 = Release|Any CPU
		{ACBF198F-44C8-4BBA-AEA7-1C5666CF985C}.Debug|Any CPU.ActiveCfg = Debug|Any CPU
		{ACBF198F-44C8-4BBA-AEA7-1C5666CF985C}.Debug|Any CPU.Build.0 = Debug|Any CPU
		{ACBF198F-44C8-4BBA-AEA7-1C5666CF985C}.Release|Any CPU.ActiveCfg = Release|Any CPU
		{ACBF198F-44C8-4BBA-AEA7-1C5666CF985C}.Release|Any CPU.Build.0 = Release|Any CPU
		{1CF303B7-0FFC-4E0E-8C24-AE3D13CB69B6}.Debug|Any CPU.ActiveCfg = Debug|Any CPU
		{1CF303B7-0FFC-4E0E-8C24-AE3D13CB69B6}.Debug|Any CPU.Build.0 = Debug|Any CPU
		{1CF303B7-0FFC-4E0E-8C24-AE3D13CB69B6}.Release|Any CPU.ActiveCfg = Release|Any CPU
		{1CF303B7-0FFC-4E0E-8C24-AE3D13CB69B6}.Release|Any CPU.Build.0 = Release|Any CPU
	EndGlobalSection
	GlobalSection(SolutionProperties) = preSolution
		HideSolutionNode = FALSE
	EndGlobalSection
	GlobalSection(NestedProjects) = preSolution
		{A1BA6BD3-EA7E-483A-AB77-9CCC83570390} = {2AC5095F-B737-475E-AF7F-3C206AF6AC88}
		{D83297A6-AB5F-478E-B41E-CD96B7ACC340} = {6297A786-18B3-47CE-9BF2-99EB759CDBAA}
		{ACBF198F-44C8-4BBA-AEA7-1C5666CF985C} = {F4D1A5D7-D67D-4B4E-A239-0AF70CF96E5E}
		{1CF303B7-0FFC-4E0E-8C24-AE3D13CB69B6} = {0F7460CF-6745-4043-8D01-1C393F1CDE8B}
	EndGlobalSection
	GlobalSection(ExtensibilityGlobals) = postSolution
		SolutionGuid = {5936B6A0-C77F-4DBB-89E6-3FB94ADC37CB}
	EndGlobalSection
EndGlobal
